
Microsoft Visual Studio Solution File, Format Version 12.00
# Visual Studio 2013
VisualStudioVersion = 12.0.31101.0
MinimumVisualStudioVersion = 10.0.40219.1
Project("{2150E333-8FDC-42A3-9474-1A3956D46DE8}") = "1 - Domain", "1 - Domain", "{2959DDDB-5900-4641-8944-5736D2EA5FB4}"
EndProject
Project("{2150E333-8FDC-42A3-9474-1A3956D46DE8}") = "2 - Infrastructure", "2 - Infrastructure", "{FF6CEC95-7B87-4B78-990C-36A66A547907}"
EndProject
Project("{2150E333-8FDC-42A3-9474-1A3956D46DE8}") = "3 - Service", "3 - Service", "{DA54CD6B-1772-4E82-8EEC-44A09CD0C327}"
EndProject
Project("{2150E333-8FDC-42A3-9474-1A3956D46DE8}") = "4 - IOC", "4 - IOC", "{E1D9F530-6BE2-4317-B30E-DB84FEE6B29F}"
EndProject
Project("{2150E333-8FDC-42A3-9474-1A3956D46DE8}") = "5 - Presentation", "5 - Presentation", "{F985C79F-EA1B-4C1B-8AF1-FDAC62DA1AE8}"
EndProject
Project("{2150E333-8FDC-42A3-9474-1A3956D46DE8}") = "0 - Library", "0 - Library", "{8D5CE6AC-4318-4B12-8B48-EFBEC96B988C}"
EndProject
Project("{FAE04EC0-301F-11D3-BF4B-00C04F79EFBC}") = "GoodiesTime.Domain", "GoodiesTime.Domain\GoodiesTime.Domain.csproj", "{65A0B73E-9CA0-4D2B-9D6C-04863E3224FE}"
EndProject
Project("{FAE04EC0-301F-11D3-BF4B-00C04F79EFBC}") = "GoodiesTime.Library", "GoodiesTime.Library\GoodiesTime.Library.csproj", "{0420871B-C797-475F-846D-17ABC3583974}"
EndProject
Project("{FAE04EC0-301F-11D3-BF4B-00C04F79EFBC}") = "GoodiesTime.Infrastructure", "GoodiesTime.Infrastructure\GoodiesTime.Infrastructure.csproj", "{8A4C815E-60E2-4B9F-8BE7-5A7ADF02322C}"
EndProject
Project("{FAE04EC0-301F-11D3-BF4B-00C04F79EFBC}") = "GoodiesTime.Service", "GoodiesTime.Service\GoodiesTime.Service.csproj", "{77AC359E-CD74-4410-948D-905AD0FBCC54}"
EndProject
Project("{FAE04EC0-301F-11D3-BF4B-00C04F79EFBC}") = "GoodiesTime.IOC", "GoodiesTime.IOC\GoodiesTime.IOC.csproj", "{8AA93911-1585-4CFA-8654-ABEDD2276FB1}"
EndProject
Project("{FAE04EC0-301F-11D3-BF4B-00C04F79EFBC}") = "GoodiesTime.Web", "GoodiesTime.Web\GoodiesTime.Web.csproj", "{73C8DDD4-33A3-42A6-B3FA-A64D792E32E2}"
EndProject
Project("{2150E333-8FDC-42A3-9474-1A3956D46DE8}") = ".nuget", ".nuget", "{D70ED877-465F-4E2B-9FF0-7BE31F9C5E4A}"
	ProjectSection(SolutionItems) = preProject
		.nuget\NuGet.Config = .nuget\NuGet.Config
		.nuget\NuGet.exe = .nuget\NuGet.exe
		.nuget\NuGet.targets = .nuget\NuGet.targets
	EndProjectSection
EndProject
Project("{FAE04EC0-301F-11D3-BF4B-00C04F79EFBC}") = "GoodiesTimes.Api", "GoodiesTimes.Api\GoodiesTimes.Api.csproj", "{64CA6EA6-A2D9-4B7F-9361-70E756E8BE44}"
EndProject
Project("{FAE04EC0-301F-11D3-BF4B-00C04F79EFBC}") = "GoodiesTimes.Library.web", "GoodiesTimes.Library.web\GoodiesTimes.Library.web.csproj", "{4EC1F993-D44E-4D13-ABEB-4EC88A2A3C94}"
EndProject
Global
	GlobalSection(SolutionConfigurationPlatforms) = preSolution
		Debug|Any CPU = Debug|Any CPU
		Release|Any CPU = Release|Any CPU
	EndGlobalSection
	GlobalSection(ProjectConfigurationPlatforms) = postSolution
		{65A0B73E-9CA0-4D2B-9D6C-04863E3224FE}.Debug|Any CPU.ActiveCfg = Debug|Any CPU
		{65A0B73E-9CA0-4D2B-9D6C-04863E3224FE}.Debug|Any CPU.Build.0 = Debug|Any CPU
		{65A0B73E-9CA0-4D2B-9D6C-04863E3224FE}.Release|Any CPU.ActiveCfg = Release|Any CPU
		{65A0B73E-9CA0-4D2B-9D6C-04863E3224FE}.Release|Any CPU.Build.0 = Release|Any CPU
		{0420871B-C797-475F-846D-17ABC3583974}.Debug|Any CPU.ActiveCfg = Debug|Any CPU
		{0420871B-C797-475F-846D-17ABC3583974}.Debug|Any CPU.Build.0 = Debug|Any CPU
		{0420871B-C797-475F-846D-17ABC3583974}.Release|Any CPU.ActiveCfg = Release|Any CPU
		{0420871B-C797-475F-846D-17ABC3583974}.Release|Any CPU.Build.0 = Release|Any CPU
		{8A4C815E-60E2-4B9F-8BE7-5A7ADF02322C}.Debug|Any CPU.ActiveCfg = Debug|Any CPU
		{8A4C815E-60E2-4B9F-8BE7-5A7ADF02322C}.Debug|Any CPU.Build.0 = Debug|Any CPU
		{8A4C815E-60E2-4B9F-8BE7-5A7ADF02322C}.Release|Any CPU.ActiveCfg = Release|Any CPU
		{8A4C815E-60E2-4B9F-8BE7-5A7ADF02322C}.Release|Any CPU.Build.0 = Release|Any CPU
		{77AC359E-CD74-4410-948D-905AD0FBCC54}.Debug|Any CPU.ActiveCfg = Debug|Any CPU
		{77AC359E-CD74-4410-948D-905AD0FBCC54}.Debug|Any CPU.Build.0 = Debug|Any CPU
		{77AC359E-CD74-4410-948D-905AD0FBCC54}.Release|Any CPU.ActiveCfg = Release|Any CPU
		{77AC359E-CD74-4410-948D-905AD0FBCC54}.Release|Any CPU.Build.0 = Release|Any CPU
		{8AA93911-1585-4CFA-8654-ABEDD2276FB1}.Debug|Any CPU.ActiveCfg = Debug|Any CPU
		{8AA93911-1585-4CFA-8654-ABEDD2276FB1}.Debug|Any CPU.Build.0 = Debug|Any CPU
		{8AA93911-1585-4CFA-8654-ABEDD2276FB1}.Release|Any CPU.ActiveCfg = Release|Any CPU
		{8AA93911-1585-4CFA-8654-ABEDD2276FB1}.Release|Any CPU.Build.0 = Release|Any CPU
		{73C8DDD4-33A3-42A6-B3FA-A64D792E32E2}.Debug|Any CPU.ActiveCfg = Debug|Any CPU
		{73C8DDD4-33A3-42A6-B3FA-A64D792E32E2}.Debug|Any CPU.Build.0 = Debug|Any CPU
		{73C8DDD4-33A3-42A6-B3FA-A64D792E32E2}.Release|Any CPU.ActiveCfg = Release|Any CPU
		{73C8DDD4-33A3-42A6-B3FA-A64D792E32E2}.Release|Any CPU.Build.0 = Release|Any CPU
		{64CA6EA6-A2D9-4B7F-9361-70E756E8BE44}.Debug|Any CPU.ActiveCfg = Debug|Any CPU
		{64CA6EA6-A2D9-4B7F-9361-70E756E8BE44}.Debug|Any CPU.Build.0 = Debug|Any CPU
		{64CA6EA6-A2D9-4B7F-9361-70E756E8BE44}.Release|Any CPU.ActiveCfg = Release|Any CPU
		{64CA6EA6-A2D9-4B7F-9361-70E756E8BE44}.Release|Any CPU.Build.0 = Release|Any CPU
		{4EC1F993-D44E-4D13-ABEB-4EC88A2A3C94}.Debug|Any CPU.ActiveCfg = Debug|Any CPU
		{4EC1F993-D44E-4D13-ABEB-4EC88A2A3C94}.Debug|Any CPU.Build.0 = Debug|Any CPU
		{4EC1F993-D44E-4D13-ABEB-4EC88A2A3C94}.Release|Any CPU.ActiveCfg = Release|Any CPU
		{4EC1F993-D44E-4D13-ABEB-4EC88A2A3C94}.Release|Any CPU.Build.0 = Release|Any CPU
	EndGlobalSection
	GlobalSection(SolutionProperties) = preSolution
		HideSolutionNode = FALSE
	EndGlobalSection
	GlobalSection(NestedProjects) = preSolution
		{65A0B73E-9CA0-4D2B-9D6C-04863E3224FE} = {2959DDDB-5900-4641-8944-5736D2EA5FB4}
		{0420871B-C797-475F-846D-17ABC3583974} = {8D5CE6AC-4318-4B12-8B48-EFBEC96B988C}
		{8A4C815E-60E2-4B9F-8BE7-5A7ADF02322C} = {FF6CEC95-7B87-4B78-990C-36A66A547907}
		{77AC359E-CD74-4410-948D-905AD0FBCC54} = {DA54CD6B-1772-4E82-8EEC-44A09CD0C327}
		{8AA93911-1585-4CFA-8654-ABEDD2276FB1} = {E1D9F530-6BE2-4317-B30E-DB84FEE6B29F}
		{73C8DDD4-33A3-42A6-B3FA-A64D792E32E2} = {F985C79F-EA1B-4C1B-8AF1-FDAC62DA1AE8}
		{64CA6EA6-A2D9-4B7F-9361-70E756E8BE44} = {F985C79F-EA1B-4C1B-8AF1-FDAC62DA1AE8}
		{4EC1F993-D44E-4D13-ABEB-4EC88A2A3C94} = {8D5CE6AC-4318-4B12-8B48-EFBEC96B988C}
	EndGlobalSection
EndGlobal
